
Microsoft Visual Studio Solution File, Format Version 12.00
# Visual Studio 15
VisualStudioVersion = 15.0.27428.2005
MinimumVisualStudioVersion = 10.0.40219.1
Project("{FAE04EC0-301F-11D3-BF4B-00C04F79EFBC}") = "DiffPatch", "DiffPatch.csproj", "{6A990A34-DA3B-4AB0-BA1D-11551B3B4D87}"
EndProject
Global
	GlobalSection(SolutionConfigurationPlatforms) = preSolution
		Debug|Any CPU = Debug|Any CPU
		Release|Any CPU = Release|Any CPU
	EndGlobalSection
	GlobalSection(ProjectConfigurationPlatforms) = postSolution
		{6A990A34-DA3B-4AB0-BA1D-11551B3B4D87}.Debug|Any CPU.ActiveCfg = Debug|Any CPU
		{6A990A34-DA3B-4AB0-BA1D-11551B3B4D87}.Debug|Any CPU.Build.0 = Debug|Any CPU
		{6A990A34-DA3B-4AB0-BA1D-11551B3B4D87}.Release|Any CPU.ActiveCfg = Release|Any CPU
		{6A990A34-DA3B-4AB0-BA1D-11551B3B4D87}.Release|Any CPU.Build.0 = Release|Any CPU
	EndGlobalSection
	GlobalSection(SolutionProperties) = preSolution
		HideSolutionNode = FALSE
	EndGlobalSection
	GlobalSection(ExtensibilityGlobals) = postSolution
		SolutionGuid = {FC1DEA99-F8A9-409B-A2E0-CD96FE586363}
	EndGlobalSection
EndGlobal
